
Microsoft Visual Studio Solution File, Format Version 12.00
# Visual Studio Version 17
VisualStudioVersion = 17.5.33414.496
MinimumVisualStudioVersion = 10.0.40219.1
Project("{9A19103F-16F7-4668-BE54-9A1E7A4F7556}") = "Disc-Cord", "Disc-Cord\Disc-Cord.csproj", "{09846BD9-94F9-4273-AA90-48E7CA36652A}"
EndProject
Global
	GlobalSection(SolutionConfigurationPlatforms) = preSolution
		Debug|Any CPU = Debug|Any CPU
		Release|Any CPU = Release|Any CPU
	EndGlobalSection
	GlobalSection(ProjectConfigurationPlatforms) = postSolution
		{09846BD9-94F9-4273-AA90-48E7CA36652A}.Debug|Any CPU.ActiveCfg = Debug|Any CPU
		{09846BD9-94F9-4273-AA90-48E7CA36652A}.Debug|Any CPU.Build.0 = Debug|Any CPU
		{09846BD9-94F9-4273-AA90-48E7CA36652A}.Release|Any CPU.ActiveCfg = Release|Any CPU
		{09846BD9-94F9-4273-AA90-48E7CA36652A}.Release|Any CPU.Build.0 = Release|Any CPU
	EndGlobalSection
	GlobalSection(SolutionProperties) = preSolution
		HideSolutionNode = FALSE
	EndGlobalSection
	GlobalSection(ExtensibilityGlobals) = postSolution
		SolutionGuid = {F0ABA0A3-6446-47CF-B34E-DCAFD26F4A5C}
	EndGlobalSection
EndGlobal
